
Microsoft Visual Studio Solution File, Format Version 12.00
# Visual Studio Version 17
VisualStudioVersion = 17.11.35312.102
MinimumVisualStudioVersion = 10.0.40219.1
Project("{FAE04EC0-301F-11D3-BF4B-00C04F79EFBC}") = "SensorDeTemperatura", "SensorDeTemperatura\SensorDeTemperatura.csproj", "{61E47AE2-6353-4110-B028-D064E907CC15}"
EndProject
Global
	GlobalSection(SolutionConfigurationPlatforms) = preSolution
		Debug|Any CPU = Debug|Any CPU
		Release|Any CPU = Release|Any CPU
	EndGlobalSection
	GlobalSection(ProjectConfigurationPlatforms) = postSolution
		{61E47AE2-6353-4110-B028-D064E907CC15}.Debug|Any CPU.ActiveCfg = Debug|Any CPU
		{61E47AE2-6353-4110-B028-D064E907CC15}.Debug|Any CPU.Build.0 = Debug|Any CPU
		{61E47AE2-6353-4110-B028-D064E907CC15}.Release|Any CPU.ActiveCfg = Release|Any CPU
		{61E47AE2-6353-4110-B028-D064E907CC15}.Release|Any CPU.Build.0 = Release|Any CPU
	EndGlobalSection
	GlobalSection(SolutionProperties) = preSolution
		HideSolutionNode = FALSE
	EndGlobalSection
	GlobalSection(ExtensibilityGlobals) = postSolution
		SolutionGuid = {A7D7E7F3-3BE2-46BA-A998-A2524BEA6A46}
	EndGlobalSection
EndGlobal
